
Microsoft Visual Studio Solution File, Format Version 12.00
# Visual Studio 15
Project("{FAE04EC0-301F-11D3-BF4B-00C04F79EFBC}") = "SCA.Gateway", "SCA.Gateway\SCA.Gateway.csproj", "{F8FF80C2-B054-4CFE-8E01-259FEAB5FE2B}"
EndProject
Global
	GlobalSection(SolutionConfigurationPlatforms) = preSolution
		Debug|Any CPU = Debug|Any CPU
		Release|Any CPU = Release|Any CPU
	EndGlobalSection
	GlobalSection(ProjectConfigurationPlatforms) = postSolution
		{F8FF80C2-B054-4CFE-8E01-259FEAB5FE2B}.Debug|Any CPU.ActiveCfg = Debug|Any CPU
		{F8FF80C2-B054-4CFE-8E01-259FEAB5FE2B}.Debug|Any CPU.Build.0 = Debug|Any CPU
		{F8FF80C2-B054-4CFE-8E01-259FEAB5FE2B}.Release|Any CPU.ActiveCfg = Release|Any CPU
		{F8FF80C2-B054-4CFE-8E01-259FEAB5FE2B}.Release|Any CPU.Build.0 = Release|Any CPU
	EndGlobalSection
EndGlobal
